
Microsoft Visual Studio Solution File, Format Version 12.00
# Visual Studio Version 17
VisualStudioVersion = 17.4.33122.133
MinimumVisualStudioVersion = 10.0.40219.1
Project("{FAE04EC0-301F-11D3-BF4B-00C04F79EFBC}") = "Console4", "Console4.csproj", "{BC3E05E1-E8DC-4427-ADF7-B83E24E42C97}"
EndProject
Global
	GlobalSection(SolutionConfigurationPlatforms) = preSolution
		Debug|Any CPU = Debug|Any CPU
		Release|Any CPU = Release|Any CPU
	EndGlobalSection
	GlobalSection(ProjectConfigurationPlatforms) = postSolution
		{BC3E05E1-E8DC-4427-ADF7-B83E24E42C97}.Debug|Any CPU.ActiveCfg = Debug|Any CPU
		{BC3E05E1-E8DC-4427-ADF7-B83E24E42C97}.Debug|Any CPU.Build.0 = Debug|Any CPU
		{BC3E05E1-E8DC-4427-ADF7-B83E24E42C97}.Release|Any CPU.ActiveCfg = Release|Any CPU
		{BC3E05E1-E8DC-4427-ADF7-B83E24E42C97}.Release|Any CPU.Build.0 = Release|Any CPU
	EndGlobalSection
	GlobalSection(SolutionProperties) = preSolution
		HideSolutionNode = FALSE
	EndGlobalSection
	GlobalSection(ExtensibilityGlobals) = postSolution
		SolutionGuid = {4E175897-0826-416A-B5F8-8C0269C3EF3E}
	EndGlobalSection
EndGlobal
